
Microsoft Visual Studio Solution File, Format Version 12.00
# Visual Studio Version 17
VisualStudioVersion = 17.14.36203.30 d17.14
MinimumVisualStudioVersion = 10.0.40219.1
Project("{FAE04EC0-301F-11D3-BF4B-00C04F79EFBC}") = "WebApplicationFarmerShop", "WebApplicationFarmerShop\WebApplicationFarmerShop.csproj", "{E8B68FB1-5C7A-42D3-8702-998B996792C1}"
EndProject
Global
	GlobalSection(SolutionConfigurationPlatforms) = preSolution
		Debug|Any CPU = Debug|Any CPU
		Release|Any CPU = Release|Any CPU
	EndGlobalSection
	GlobalSection(ProjectConfigurationPlatforms) = postSolution
		{E8B68FB1-5C7A-42D3-8702-998B996792C1}.Debug|Any CPU.ActiveCfg = Debug|Any CPU
		{E8B68FB1-5C7A-42D3-8702-998B996792C1}.Debug|Any CPU.Build.0 = Debug|Any CPU
		{E8B68FB1-5C7A-42D3-8702-998B996792C1}.Release|Any CPU.ActiveCfg = Release|Any CPU
		{E8B68FB1-5C7A-42D3-8702-998B996792C1}.Release|Any CPU.Build.0 = Release|Any CPU
	EndGlobalSection
	GlobalSection(SolutionProperties) = preSolution
		HideSolutionNode = FALSE
	EndGlobalSection
	GlobalSection(ExtensibilityGlobals) = postSolution
		SolutionGuid = {43925680-8397-4BF2-A27B-C7431D113743}
	EndGlobalSection
EndGlobal
